
Microsoft Visual Studio Solution File, Format Version 12.00
# Visual Studio 2012
Project("{8BC9CEB8-8B4A-11D0-8D11-00A0C91BC942}") = "WindowShell", "WindowShell\WindowShell.vcxproj", "{4E5F14AE-67E4-42E5-91B6-65AAEB6D16B5}"
	ProjectSection(ProjectDependencies) = postProject
		{A9E48185-9908-448E-846B-C1D352E7A126} = {A9E48185-9908-448E-846B-C1D352E7A126}
	EndProjectSection
EndProject
Project("{8BC9CEB8-8B4A-11D0-8D11-00A0C91BC942}") = "InjectDLL", "InjectDLL\InjectDLL.vcxproj", "{A9E48185-9908-448E-846B-C1D352E7A126}"
EndProject
Global
	GlobalSection(SolutionConfigurationPlatforms) = preSolution
		Debug|Any CPU = Debug|Any CPU
		Debug|Mixed Platforms = Debug|Mixed Platforms
		Debug|Win32 = Debug|Win32
		Release|Any CPU = Release|Any CPU
		Release|Mixed Platforms = Release|Mixed Platforms
		Release|Win32 = Release|Win32
	EndGlobalSection
	GlobalSection(ProjectConfigurationPlatforms) = postSolution
		{4E5F14AE-67E4-42E5-91B6-65AAEB6D16B5}.Debug|Any CPU.ActiveCfg = Debug|Win32
		{4E5F14AE-67E4-42E5-91B6-65AAEB6D16B5}.Debug|Mixed Platforms.ActiveCfg = Debug|Win32
		{4E5F14AE-67E4-42E5-91B6-65AAEB6D16B5}.Debug|Mixed Platforms.Build.0 = Debug|Win32
		{4E5F14AE-67E4-42E5-91B6-65AAEB6D16B5}.Debug|Win32.ActiveCfg = Debug|Win32
		{4E5F14AE-67E4-42E5-91B6-65AAEB6D16B5}.Debug|Win32.Build.0 = Debug|Win32
		{4E5F14AE-67E4-42E5-91B6-65AAEB6D16B5}.Release|Any CPU.ActiveCfg = Release|Win32
		{4E5F14AE-67E4-42E5-91B6-65AAEB6D16B5}.Release|Mixed Platforms.ActiveCfg = Release|Win32
		{4E5F14AE-67E4-42E5-91B6-65AAEB6D16B5}.Release|Mixed Platforms.Build.0 = Release|Win32
		{4E5F14AE-67E4-42E5-91B6-65AAEB6D16B5}.Release|Win32.ActiveCfg = Release|Win32
		{4E5F14AE-67E4-42E5-91B6-65AAEB6D16B5}.Release|Win32.Build.0 = Release|Win32
		{A9E48185-9908-448E-846B-C1D352E7A126}.Debug|Any CPU.ActiveCfg = Debug|Win32
		{A9E48185-9908-448E-846B-C1D352E7A126}.Debug|Mixed Platforms.ActiveCfg = Debug|Win32
		{A9E48185-9908-448E-846B-C1D352E7A126}.Debug|Mixed Platforms.Build.0 = Debug|Win32
		{A9E48185-9908-448E-846B-C1D352E7A126}.Debug|Win32.ActiveCfg = Debug|Win32
		{A9E48185-9908-448E-846B-C1D352E7A126}.Debug|Win32.Build.0 = Debug|Win32
		{A9E48185-9908-448E-846B-C1D352E7A126}.Release|Any CPU.ActiveCfg = Release|Win32
		{A9E48185-9908-448E-846B-C1D352E7A126}.Release|Mixed Platforms.ActiveCfg = Release|Win32
		{A9E48185-9908-448E-846B-C1D352E7A126}.Release|Mixed Platforms.Build.0 = Release|Win32
		{A9E48185-9908-448E-846B-C1D352E7A126}.Release|Win32.ActiveCfg = Release|Win32
		{A9E48185-9908-448E-846B-C1D352E7A126}.Release|Win32.Build.0 = Release|Win32
	EndGlobalSection
	GlobalSection(SolutionProperties) = preSolution
		HideSolutionNode = FALSE
	EndGlobalSection
EndGlobal
